Microsoft Visual Studio Solution File, Format Version 12.00
# Visual Studio 15
VisualStudioVersion = 15.0.27428.2005
MinimumVisualStudioVersion = 10.0.40219.1
Project("{2150E333-8FDC-42A3-9474-1A3956D46DE8}") = "src", "src", "{2460AE1A-8E66-4E90-A0D0-461D4B45BDDC}"
EndProject
Project("{9A19103F-16F7-4668-BE54-9A1E7A4F7556}") = "TinyUrl.Data", "src\TinyUrl.Data\TinyUrl.Data.csproj", "{775DA4F5-4D14-44AC-B60B-87F5E92FE7DB}"
EndProject
Project("{9A19103F-16F7-4668-BE54-9A1E7A4F7556}") = "TinyUrl.Services", "src\TinyUrl.Services\TinyUrl.Services.csproj", "{D9405523-5BD1-4783-9180-5792EEC84A34}"
EndProject
Project("{2150E333-8FDC-42A3-9474-1A3956D46DE8}") = "submodules", "submodules", "{5D901D4A-55C4-4576-BAE6-2F87F426E045}"
EndProject
Project("{2150E333-8FDC-42A3-9474-1A3956D46DE8}") = "RepositoryBase", "RepositoryBase", "{DA129D9C-A916-40D7-9806-985A3B204E91}"
EndProject
Project("{2150E333-8FDC-42A3-9474-1A3956D46DE8}") = "src", "src", "{99006D1D-F744-4FDF-AC34-5B931DA721DB}"
EndProject
Project("{9A19103F-16F7-4668-BE54-9A1E7A4F7556}") = "RepositoryBase", "submodules\RepositoryBase\src\RepositoryBase\RepositoryBase.csproj", "{89EFF9CD-1E54-4A9A-8100-2A63099C0DC5}"
EndProject
Global
	GlobalSection(SolutionConfigurationPlatforms) = preSolution
		Debug|Any CPU = Debug|Any CPU
		Debug|x64 = Debug|x64
		Debug|x86 = Debug|x86
		Release|Any CPU = Release|Any CPU
		Release|x64 = Release|x64
		Release|x86 = Release|x86
	EndGlobalSection
	GlobalSection(ProjectConfigurationPlatforms) = postSolution
		{775DA4F5-4D14-44AC-B60B-87F5E92FE7DB}.Debug|Any CPU.ActiveCfg = Debug|Any CPU
		{775DA4F5-4D14-44AC-B60B-87F5E92FE7DB}.Debug|Any CPU.Build.0 = Debug|Any CPU
		{775DA4F5-4D14-44AC-B60B-87F5E92FE7DB}.Debug|x64.ActiveCfg = Debug|Any CPU
		{775DA4F5-4D14-44AC-B60B-87F5E92FE7DB}.Debug|x64.Build.0 = Debug|Any CPU
		{775DA4F5-4D14-44AC-B60B-87F5E92FE7DB}.Debug|x86.ActiveCfg = Debug|Any CPU
		{775DA4F5-4D14-44AC-B60B-87F5E92FE7DB}.Debug|x86.Build.0 = Debug|Any CPU
		{775DA4F5-4D14-44AC-B60B-87F5E92FE7DB}.Release|Any CPU.ActiveCfg = Release|Any CPU
		{775DA4F5-4D14-44AC-B60B-87F5E92FE7DB}.Release|Any CPU.Build.0 = Release|Any CPU
		{775DA4F5-4D14-44AC-B60B-87F5E92FE7DB}.Release|x64.ActiveCfg = Release|Any CPU
		{775DA4F5-4D14-44AC-B60B-87F5E92FE7DB}.Release|x64.Build.0 = Release|Any CPU
		{775DA4F5-4D14-44AC-B60B-87F5E92FE7DB}.Release|x86.ActiveCfg = Release|Any CPU
		{775DA4F5-4D14-44AC-B60B-87F5E92FE7DB}.Release|x86.Build.0 = Release|Any CPU
		{D9405523-5BD1-4783-9180-5792EEC84A34}.Debug|Any CPU.ActiveCfg = Debug|Any CPU
		{D9405523-5BD1-4783-9180-5792EEC84A34}.Debug|Any CPU.Build.0 = Debug|Any CPU
		{D9405523-5BD1-4783-9180-5792EEC84A34}.Debug|x64.ActiveCfg = Debug|Any CPU
		{D9405523-5BD1-4783-9180-5792EEC84A34}.Debug|x64.Build.0 = Debug|Any CPU
		{D9405523-5BD1-4783-9180-5792EEC84A34}.Debug|x86.ActiveCfg = Debug|Any CPU
		{D9405523-5BD1-4783-9180-5792EEC84A34}.Debug|x86.Build.0 = Debug|Any CPU
		{D9405523-5BD1-4783-9180-5792EEC84A34}.Release|Any CPU.ActiveCfg = Release|Any CPU
		{D9405523-5BD1-4783-9180-5792EEC84A34}.Release|Any CPU.Build.0 = Release|Any CPU
		{D9405523-5BD1-4783-9180-5792EEC84A34}.Release|x64.ActiveCfg = Release|Any CPU
		{D9405523-5BD1-4783-9180-5792EEC84A34}.Release|x64.Build.0 = Release|Any CPU
		{D9405523-5BD1-4783-9180-5792EEC84A34}.Release|x86.ActiveCfg = Release|Any CPU
		{D9405523-5BD1-4783-9180-5792EEC84A34}.Release|x86.Build.0 = Release|Any CPU
		{89EFF9CD-1E54-4A9A-8100-2A63099C0DC5}.Debug|Any CPU.ActiveCfg = Debug|Any CPU
		{89EFF9CD-1E54-4A9A-8100-2A63099C0DC5}.Debug|Any CPU.Build.0 = Debug|Any CPU
		{89EFF9CD-1E54-4A9A-8100-2A63099C0DC5}.Debug|x64.ActiveCfg = Debug|Any CPU
		{89EFF9CD-1E54-4A9A-8100-2A63099C0DC5}.Debug|x64.Build.0 = Debug|Any CPU
		{89EFF9CD-1E54-4A9A-8100-2A63099C0DC5}.Debug|x86.ActiveCfg = Debug|Any CPU
		{89EFF9CD-1E54-4A9A-8100-2A63099C0DC5}.Debug|x86.Build.0 = Debug|Any CPU
		{89EFF9CD-1E54-4A9A-8100-2A63099C0DC5}.Release|Any CPU.ActiveCfg = Release|Any CPU
		{89EFF9CD-1E54-4A9A-8100-2A63099C0DC5}.Release|Any CPU.Build.0 = Release|Any CPU
		{89EFF9CD-1E54-4A9A-8100-2A63099C0DC5}.Release|x64.ActiveCfg = Release|Any CPU
		{89EFF9CD-1E54-4A9A-8100-2A63099C0DC5}.Release|x64.Build.0 = Release|Any CPU
		{89EFF9CD-1E54-4A9A-8100-2A63099C0DC5}.Release|x86.ActiveCfg = Release|Any CPU
		{89EFF9CD-1E54-4A9A-8100-2A63099C0DC5}.Release|x86.Build.0 = Release|Any CPU
	EndGlobalSection
	GlobalSection(SolutionProperties) = preSolution
		HideSolutionNode = FALSE
	EndGlobalSection
	GlobalSection(NestedProjects) = preSolution
		{775DA4F5-4D14-44AC-B60B-87F5E92FE7DB} = {2460AE1A-8E66-4E90-A0D0-461D4B45BDDC}
		{D9405523-5BD1-4783-9180-5792EEC84A34} = {2460AE1A-8E66-4E90-A0D0-461D4B45BDDC}
		{DA129D9C-A916-40D7-9806-985A3B204E91} = {5D901D4A-55C4-4576-BAE6-2F87F426E045}
		{99006D1D-F744-4FDF-AC34-5B931DA721DB} = {DA129D9C-A916-40D7-9806-985A3B204E91}
		{89EFF9CD-1E54-4A9A-8100-2A63099C0DC5} = {99006D1D-F744-4FDF-AC34-5B931DA721DB}
	EndGlobalSection
	GlobalSection(ExtensibilityGlobals) = postSolution
		SolutionGuid = {7F18F9E5-6803-4C97-B12F-565D15B1C8A6}
	EndGlobalSection
EndGlobal
